
Microsoft Visual Studio Solution File, Format Version 12.00
# Visual Studio Version 16
VisualStudioVersion = 16.0.31515.178
MinimumVisualStudioVersion = 10.0.40219.1
Project("{FAE04EC0-301F-11D3-BF4B-00C04F79EFBC}") = "DesafioDistancia", "DesafioDistancia\DesafioDistancia.csproj", "{E85225A1-C4DD-4C1A-90EA-9926CF6B8FC4}"
EndProject
Global
	GlobalSection(SolutionConfigurationPlatforms) = preSolution
		Debug|Any CPU = Debug|Any CPU
		Release|Any CPU = Release|Any CPU
	EndGlobalSection
	GlobalSection(ProjectConfigurationPlatforms) = postSolution
		{E85225A1-C4DD-4C1A-90EA-9926CF6B8FC4}.Debug|Any CPU.ActiveCfg = Debug|Any CPU
		{E85225A1-C4DD-4C1A-90EA-9926CF6B8FC4}.Debug|Any CPU.Build.0 = Debug|Any CPU
		{E85225A1-C4DD-4C1A-90EA-9926CF6B8FC4}.Release|Any CPU.ActiveCfg = Release|Any CPU
		{E85225A1-C4DD-4C1A-90EA-9926CF6B8FC4}.Release|Any CPU.Build.0 = Release|Any CPU
	EndGlobalSection
	GlobalSection(SolutionProperties) = preSolution
		HideSolutionNode = FALSE
	EndGlobalSection
	GlobalSection(ExtensibilityGlobals) = postSolution
		SolutionGuid = {1FEDA48B-50D8-4EA4-8E02-15546F01260E}
	EndGlobalSection
EndGlobal
